
Microsoft Visual Studio Solution File, Format Version 12.00
# Visual Studio Version 17
VisualStudioVersion = 17.13.35806.99
MinimumVisualStudioVersion = 10.0.40219.1
Project("{2150E333-8FDC-42A3-9474-1A3956D46DE8}") = "Shared", "Shared", "{02EA681E-C7D8-13C7-8484-4AC65E1B71E8}"
EndProject
Project("{FAE04EC0-301F-11D3-BF4B-00C04F79EFBC}") = "Shared.Communication", "Shared\Shared.Communication\Shared.Communication.csproj", "{B44390CA-EA72-4F30-8B5A-476ADFC06D85}"
EndProject
Project("{FAE04EC0-301F-11D3-BF4B-00C04F79EFBC}") = "Shared.Mailing", "Shared\Shared.Mailing\Shared.Mailing.csproj", "{3FB5E0DE-1687-4E51-945D-1A66AB1ED361}"
EndProject
Project("{2150E333-8FDC-42A3-9474-1A3956D46DE8}") = "APIs", "APIs", "{D5B1EA7A-2755-412B-8B6D-62D1BE2BD0AD}"
EndProject
Project("{FAE04EC0-301F-11D3-BF4B-00C04F79EFBC}") = "neo.admin", "APIs\neo.admin\neo.admin.csproj", "{60FF4D45-620C-4CC7-8015-7EC46DE0EE52}"
EndProject
Project("{FAE04EC0-301F-11D3-BF4B-00C04F79EFBC}") = "Shared.Logging", "Shared\Shared.Logging\Shared.Logging.csproj", "{F88CC2DA-8802-4A27-B015-CB63AD0617FA}"
EndProject
Project("{FAE04EC0-301F-11D3-BF4B-00C04F79EFBC}") = "Shared.EFCore", "Shared\Shared.EFCore\Shared.EFCore.csproj", "{F2335CAE-9E54-4806-83C9-2F42A4319C1E}"
EndProject
Project("{FAE04EC0-301F-11D3-BF4B-00C04F79EFBC}") = "Shared.Common", "Shared\Shared.Common\Shared.Common.csproj", "{BD641065-2058-1585-8C8D-2CADA087F9A3}"
EndProject
Project("{FAE04EC0-301F-11D3-BF4B-00C04F79EFBC}") = "neo.preregist", "APIs\neo.preregist\neo.preregist.csproj", "{D55E602E-A42D-7DB5-94D9-E99036262E44}"
EndProject
Global
	GlobalSection(SolutionConfigurationPlatforms) = preSolution
		Debug|Any CPU = Debug|Any CPU
		Release|Any CPU = Release|Any CPU
	EndGlobalSection
	GlobalSection(ProjectConfigurationPlatforms) = postSolution
		{B44390CA-EA72-4F30-8B5A-476ADFC06D85}.Debug|Any CPU.ActiveCfg = Debug|Any CPU
		{B44390CA-EA72-4F30-8B5A-476ADFC06D85}.Debug|Any CPU.Build.0 = Debug|Any CPU
		{B44390CA-EA72-4F30-8B5A-476ADFC06D85}.Release|Any CPU.ActiveCfg = Release|Any CPU
		{B44390CA-EA72-4F30-8B5A-476ADFC06D85}.Release|Any CPU.Build.0 = Release|Any CPU
		{3FB5E0DE-1687-4E51-945D-1A66AB1ED361}.Debug|Any CPU.ActiveCfg = Debug|Any CPU
		{3FB5E0DE-1687-4E51-945D-1A66AB1ED361}.Debug|Any CPU.Build.0 = Debug|Any CPU
		{3FB5E0DE-1687-4E51-945D-1A66AB1ED361}.Release|Any CPU.ActiveCfg = Release|Any CPU
		{3FB5E0DE-1687-4E51-945D-1A66AB1ED361}.Release|Any CPU.Build.0 = Release|Any CPU
		{60FF4D45-620C-4CC7-8015-7EC46DE0EE52}.Debug|Any CPU.ActiveCfg = Debug|Any CPU
		{60FF4D45-620C-4CC7-8015-7EC46DE0EE52}.Debug|Any CPU.Build.0 = Debug|Any CPU
		{60FF4D45-620C-4CC7-8015-7EC46DE0EE52}.Release|Any CPU.ActiveCfg = Release|Any CPU
		{60FF4D45-620C-4CC7-8015-7EC46DE0EE52}.Release|Any CPU.Build.0 = Release|Any CPU
		{F88CC2DA-8802-4A27-B015-CB63AD0617FA}.Debug|Any CPU.ActiveCfg = Debug|Any CPU
		{F88CC2DA-8802-4A27-B015-CB63AD0617FA}.Debug|Any CPU.Build.0 = Debug|Any CPU
		{F88CC2DA-8802-4A27-B015-CB63AD0617FA}.Release|Any CPU.ActiveCfg = Release|Any CPU
		{F88CC2DA-8802-4A27-B015-CB63AD0617FA}.Release|Any CPU.Build.0 = Release|Any CPU
		{F2335CAE-9E54-4806-83C9-2F42A4319C1E}.Debug|Any CPU.ActiveCfg = Debug|Any CPU
		{F2335CAE-9E54-4806-83C9-2F42A4319C1E}.Debug|Any CPU.Build.0 = Debug|Any CPU
		{F2335CAE-9E54-4806-83C9-2F42A4319C1E}.Release|Any CPU.ActiveCfg = Release|Any CPU
		{F2335CAE-9E54-4806-83C9-2F42A4319C1E}.Release|Any CPU.Build.0 = Release|Any CPU
		{BD641065-2058-1585-8C8D-2CADA087F9A3}.Debug|Any CPU.ActiveCfg = Debug|Any CPU
		{BD641065-2058-1585-8C8D-2CADA087F9A3}.Debug|Any CPU.Build.0 = Debug|Any CPU
		{BD641065-2058-1585-8C8D-2CADA087F9A3}.Release|Any CPU.ActiveCfg = Release|Any CPU
		{BD641065-2058-1585-8C8D-2CADA087F9A3}.Release|Any CPU.Build.0 = Release|Any CPU
		{D55E602E-A42D-7DB5-94D9-E99036262E44}.Debug|Any CPU.ActiveCfg = Debug|Any CPU
		{D55E602E-A42D-7DB5-94D9-E99036262E44}.Debug|Any CPU.Build.0 = Debug|Any CPU
		{D55E602E-A42D-7DB5-94D9-E99036262E44}.Release|Any CPU.ActiveCfg = Release|Any CPU
		{D55E602E-A42D-7DB5-94D9-E99036262E44}.Release|Any CPU.Build.0 = Release|Any CPU
	EndGlobalSection
	GlobalSection(SolutionProperties) = preSolution
		HideSolutionNode = FALSE
	EndGlobalSection
	GlobalSection(NestedProjects) = preSolution
		{B44390CA-EA72-4F30-8B5A-476ADFC06D85} = {02EA681E-C7D8-13C7-8484-4AC65E1B71E8}
		{3FB5E0DE-1687-4E51-945D-1A66AB1ED361} = {02EA681E-C7D8-13C7-8484-4AC65E1B71E8}
		{60FF4D45-620C-4CC7-8015-7EC46DE0EE52} = {D5B1EA7A-2755-412B-8B6D-62D1BE2BD0AD}
		{F88CC2DA-8802-4A27-B015-CB63AD0617FA} = {02EA681E-C7D8-13C7-8484-4AC65E1B71E8}
		{F2335CAE-9E54-4806-83C9-2F42A4319C1E} = {02EA681E-C7D8-13C7-8484-4AC65E1B71E8}
		{BD641065-2058-1585-8C8D-2CADA087F9A3} = {02EA681E-C7D8-13C7-8484-4AC65E1B71E8}
		{D55E602E-A42D-7DB5-94D9-E99036262E44} = {D5B1EA7A-2755-412B-8B6D-62D1BE2BD0AD}
	EndGlobalSection
	GlobalSection(ExtensibilityGlobals) = postSolution
		SolutionGuid = {B75F11ED-BF2C-46F7-AA90-69ACAAB07106}
	EndGlobalSection
EndGlobal
